// !$*UTF8*$!
{
	archiveVersion = 1;
	classes = {
	};
	objectVersion = 50;
	objects = {

/* Begin PBXBuildFile section */
		391DE0662562C8C100FFB85E /* AppetizerListCell.swift in Sources */ = {isa = PBXBuildFile; fileRef = 391DE0652562C8C100FFB85E /* AppetizerListCell.swift */; };
		395A31B72567C76900F670BD /* User.swift in Sources */ = {isa = PBXBuildFile; fileRef = 395A31B62567C76900F670BD /* User.swift */; };
		396AC32F25642CE200C17142 /* Alert.swift in Sources */ = {isa = PBXBuildFile; fileRef = 396AC32E25642CE200C17142 /* Alert.swift */; };
		396AC3322564326F00C17142 /* LoadingView.swift in Sources */ = {isa = PBXBuildFile; fileRef = 396AC3312564326F00C17142 /* LoadingView.swift */; };
		396AC335256435BD00C17142 /* Color+Ext.swift in Sources */ = {isa = PBXBuildFile; fileRef = 396AC334256435BD00C17142 /* Color+Ext.swift */; };
		396AC338256443B400C17142 /* RemoteImage.swift in Sources */ = {isa = PBXBuildFile; fileRef = 396AC337256443B400C17142 /* RemoteImage.swift */; };
		397A598B2566B82200A8FE1E /* AccountViewModel.swift in Sources */ = {isa = PBXBuildFile; fileRef = 397A598A2566B82200A8FE1E /* AccountViewModel.swift */; };
		397A598E2566BF2D00A8FE1E /* String+Ext.swift in Sources */ = {isa = PBXBuildFile; fileRef = 397A598D2566BF2D00A8FE1E /* String+Ext.swift */; };
		397A59932566BFFD00A8FE1E /* AccountAlert.swift in Sources */ = {isa = PBXBuildFile; fileRef = 397A59922566BFFD00A8FE1E /* AccountAlert.swift */; };
		397A59972566C00A00A8FE1E /* ACCError.swift in Sources */ = {isa = PBXBuildFile; fileRef = 397A59962566C00A00A8FE1E /* ACCError.swift */; };
		397A599D2566C68400A8FE1E /* AppetizerAlert.swift in Sources */ = {isa = PBXBuildFile; fileRef = 397A599C2566C68400A8FE1E /* AppetizerAlert.swift */; };
		397B15BA2562DB0400864D74 /* AppetizerListViewModel.swift in Sources */ = {isa = PBXBuildFile; fileRef = 397B15B92562DB0400864D74 /* AppetizerListViewModel.swift */; };
		39B342FA2562AA97006E73DD /* Appetizers_AppApp.swift in Sources */ = {isa = PBXBuildFile; fileRef = 39B342F92562AA97006E73DD /* Appetizers_AppApp.swift */; };
		39B342FC2562AA97006E73DD /* AppetizerTabView.swift in Sources */ = {isa = PBXBuildFile; fileRef = 39B342FB2562AA97006E73DD /* AppetizerTabView.swift */; };
		39B342FE2562AA98006E73DD /* Assets.xcassets in Resources */ = {isa = PBXBuildFile; fileRef = 39B342FD2562AA98006E73DD /* Assets.xcassets */; };
		39B343012562AA98006E73DD /* Preview Assets.xcassets in Resources */ = {isa = PBXBuildFile; fileRef = 39B343002562AA98006E73DD /* Preview Assets.xcassets */; };
		39B3430B2562AB68006E73DD /* AppetizerListView.swift in Sources */ = {isa = PBXBuildFile; fileRef = 39B3430A2562AB68006E73DD /* AppetizerListView.swift */; };
		39B3430E2562AB81006E73DD /* AccountView.swift in Sources */ = {isa = PBXBuildFile; fileRef = 39B3430D2562AB81006E73DD /* AccountView.swift */; };
		39B343132562ACAE006E73DD /* OrderView.swift in Sources */ = {isa = PBXBuildFile; fileRef = 39B343122562ACAE006E73DD /* OrderView.swift */; };
		39B343172562B3E6006E73DD /* NetworkManager.swift in Sources */ = {isa = PBXBuildFile; fileRef = 39B343162562B3E6006E73DD /* NetworkManager.swift */; };
		39B3431A2562B3FD006E73DD /* Appetizer.swift in Sources */ = {isa = PBXBuildFile; fileRef = 39B343192562B3FD006E73DD /* Appetizer.swift */; };
		39B3431E2562B541006E73DD /* APError.swift in Sources */ = {isa = PBXBuildFile; fileRef = 39B3431D2562B541006E73DD /* APError.swift */; };
		39D1C5FC256588E400979BA9 /* AppetizerDetailsView.swift in Sources */ = {isa = PBXBuildFile; fileRef = 39D1C5FB256588E400979BA9 /* AppetizerDetailsView.swift */; };
		39D1C60125658C8700979BA9 /* XmarkView.swift in Sources */ = {isa = PBXBuildFile; fileRef = 39D1C60025658C8700979BA9 /* XmarkView.swift */; };
		39D78DFC2566059D00E244F3 /* OverlayXmarkButton.swift in Sources */ = {isa = PBXBuildFile; fileRef = 39D78DFB2566059D00E244F3 /* OverlayXmarkButton.swift */; };
		39D78DFF256605D600E244F3 /* AddOrderButton.swift in Sources */ = {isa = PBXBuildFile; fileRef = 39D78DFE256605D600E244F3 /* AddOrderButton.swift */; };
/* End PBXBuildFile section */

/* Begin PBXFileReference section */
		391DE0652562C8C100FFB85E /* AppetizerListCell.swift */ = {isa = PBXFileReference; lastKnownFileType = sourcecode.swift; path = AppetizerListCell.swift; sourceTree = "<group>"; };
		395A31B62567C76900F670BD /* User.swift */ = {isa = PBXFileReference; lastKnownFileType = sourcecode.swift; path = User.swift; sourceTree = "<group>"; };
		396AC32E25642CE200C17142 /* Alert.swift */ = {isa = PBXFileReference; lastKnownFileType = sourcecode.swift; path = Alert.swift; sourceTree = "<group>"; };
		396AC3312564326F00C17142 /* LoadingView.swift */ = {isa = PBXFileReference; lastKnownFileType = sourcecode.swift; path = LoadingView.swift; sourceTree = "<group>"; };
		396AC334256435BD00C17142 /* Color+Ext.swift */ = {isa = PBXFileReference; lastKnownFileType = sourcecode.swift; path = "Color+Ext.swift"; sourceTree = "<group>"; };
		396AC337256443B400C17142 /* RemoteImage.swift */ = {isa = PBXFileReference; lastKnownFileType = sourcecode.swift; path = RemoteImage.swift; sourceTree = "<group>"; };
		397A598A2566B82200A8FE1E /* AccountViewModel.swift */ = {isa = PBXFileReference; lastKnownFileType = sourcecode.swift; path = AccountViewModel.swift; sourceTree = "<group>"; };
		397A598D2566BF2D00A8FE1E /* String+Ext.swift */ = {isa = PBXFileReference; lastKnownFileType = sourcecode.swift; path = "String+Ext.swift"; sourceTree = "<group>"; };
		397A59922566BFFD00A8FE1E /* AccountAlert.swift */ = {isa = PBXFileReference; lastKnownFileType = sourcecode.swift; path = AccountAlert.swift; sourceTree = "<group>"; };
		397A59962566C00A00A8FE1E /* ACCError.swift */ = {isa = PBXFileReference; lastKnownFileType = sourcecode.swift; path = ACCError.swift; sourceTree = "<group>"; };
		397A599C2566C68400A8FE1E /* AppetizerAlert.swift */ = {isa = PBXFileReference; lastKnownFileType = sourcecode.swift; path = AppetizerAlert.swift; sourceTree = "<group>"; };
		397B15B92562DB0400864D74 /* AppetizerListViewModel.swift */ = {isa = PBXFileReference; lastKnownFileType = sourcecode.swift; path = AppetizerListViewModel.swift; sourceTree = "<group>"; };
		39B342F62562AA97006E73DD /* Appetizers-App.app */ = {isa = PBXFileReference; explicitFileType = wrapper.application; includeInIndex = 0; path = "Appetizers-App.app"; sourceTree = BUILT_PRODUCTS_DIR; };
		39B342F92562AA97006E73DD /* Appetizers_AppApp.swift */ = {isa = PBXFileReference; lastKnownFileType = sourcecode.swift; path = Appetizers_AppApp.swift; sourceTree = "<group>"; };
		39B342FB2562AA97006E73DD /* AppetizerTabView.swift */ = {isa = PBXFileReference; lastKnownFileType = sourcecode.swift; path = AppetizerTabView.swift; sourceTree = "<group>"; };
		39B342FD2562AA98006E73DD /* Assets.xcassets */ = {isa = PBXFileReference; lastKnownFileType = folder.assetcatalog; path = Assets.xcassets; sourceTree = "<group>"; };
		39B343002562AA98006E73DD /* Preview Assets.xcassets */ = {isa = PBXFileReference; lastKnownFileType = folder.assetcatalog; path = "Preview Assets.xcassets"; sourceTree = "<group>"; };
		39B343022562AA98006E73DD /* Info.plist */ = {isa = PBXFileReference; lastKnownFileType = text.plist.xml; path = Info.plist; sourceTree = "<group>"; };
		39B3430A2562AB68006E73DD /* AppetizerListView.swift */ = {isa = PBXFileReference; lastKnownFileType = sourcecode.swift; path = AppetizerListView.swift; sourceTree = "<group>"; };
		39B3430D2562AB81006E73DD /* AccountView.swift */ = {isa = PBXFileReference; lastKnownFileType = sourcecode.swift; path = AccountView.swift; sourceTree = "<group>"; };
		39B343122562ACAE006E73DD /* OrderView.swift */ = {isa = PBXFileReference; lastKnownFileType = sourcecode.swift; path = OrderView.swift; sourceTree = "<group>"; };
		39B343162562B3E6006E73DD /* NetworkManager.swift */ = {isa = PBXFileReference; lastKnownFileType = sourcecode.swift; path = NetworkManager.swift; sourceTree = "<group>"; };
		39B343192562B3FD006E73DD /* Appetizer.swift */ = {isa = PBXFileReference; lastKnownFileType = sourcecode.swift; path = Appetizer.swift; sourceTree = "<group>"; };
		39B3431D2562B541006E73DD /* APError.swift */ = {isa = PBXFileReference; lastKnownFileType = sourcecode.swift; path = APError.swift; sourceTree = "<group>"; };
		39D1C5FB256588E400979BA9 /* AppetizerDetailsView.swift */ = {isa = PBXFileReference; lastKnownFileType = sourcecode.swift; path = AppetizerDetailsView.swift; sourceTree = "<group>"; };
		39D1C60025658C8700979BA9 /* XmarkView.swift */ = {isa = PBXFileReference; lastKnownFileType = sourcecode.swift; path = XmarkView.swift; sourceTree = "<group>"; };
		39D78DFB2566059D00E244F3 /* OverlayXmarkButton.swift */ = {isa = PBXFileReference; lastKnownFileType = sourcecode.swift; path = OverlayXmarkButton.swift; sourceTree = "<group>"; };
		39D78DFE256605D600E244F3 /* AddOrderButton.swift */ = {isa = PBXFileReference; lastKnownFileType = sourcecode.swift; path = AddOrderButton.swift; sourceTree = "<group>"; };
/* End PBXFileReference section */

/* Begin PBXFrameworksBuildPhase section */
		39B342F32562AA97006E73DD /* Frameworks */ = {
			isa = PBXFrameworksBuildPhase;
			buildActionMask = 2147483647;
			files = (
			);
			runOnlyForDeploymentPostprocessing = 0;
		};
/* End PBXFrameworksBuildPhase section */

/* Begin PBXGroup section */
		390B56A725645C5F00565044 /* Cells */ = {
			isa = PBXGroup;
			children = (
				391DE0652562C8C100FFB85E /* AppetizerListCell.swift */,
			);
			path = Cells;
			sourceTree = "<group>";
		};
		390B56A825645C6600565044 /* Images */ = {
			isa = PBXGroup;
			children = (
				396AC337256443B400C17142 /* RemoteImage.swift */,
			);
			path = Images;
			sourceTree = "<group>";
		};
		395A31B52567C75700F670BD /* UserModel */ = {
			isa = PBXGroup;
			children = (
				395A31B62567C76900F670BD /* User.swift */,
			);
			path = UserModel;
			sourceTree = "<group>";
		};
		396AC33B25644BF500C17142 /* Utilites */ = {
			isa = PBXGroup;
			children = (
				396AC34725644DDA00C17142 /* Managers */,
				396AC34025644CB900C17142 /* Extensions */,
				396AC33C25644C0800C17142 /* Alerts */,
			);
			path = Utilites;
			sourceTree = "<group>";
		};
		396AC33C25644C0800C17142 /* Alerts */ = {
			isa = PBXGroup;
			children = (
				396AC32E25642CE200C17142 /* Alert.swift */,
				397A59912566BFC100A8FE1E /* AccountForm */,
				397A59902566BFB100A8FE1E /* AppetizerAlerts */,
			);
			path = Alerts;
			sourceTree = "<group>";
		};
		396AC33D25644C4100C17142 /* Screens */ = {
			isa = PBXGroup;
			children = (
				39B342FB2562AA97006E73DD /* AppetizerTabView.swift */,
				396AC34525644D8C00C17142 /* AccountView */,
				396AC34425644D7B00C17142 /* OrderView */,
				396AC33E25644C5800C17142 /* AppetizerListView */,
			);
			path = Screens;
			sourceTree = "<group>";
		};
		396AC33E25644C5800C17142 /* AppetizerListView */ = {
			isa = PBXGroup;
			children = (
				39D1C5FB256588E400979BA9 /* AppetizerDetailsView.swift */,
				397B15B92562DB0400864D74 /* AppetizerListViewModel.swift */,
				39B3430A2562AB68006E73DD /* AppetizerListView.swift */,
			);
			path = AppetizerListView;
			sourceTree = "<group>";
		};
		396AC33F25644C9900C17142 /* UIKitViews */ = {
			isa = PBXGroup;
			children = (
				396AC3312564326F00C17142 /* LoadingView.swift */,
			);
			path = UIKitViews;
			sourceTree = "<group>";
		};
		396AC34025644CB900C17142 /* Extensions */ = {
			isa = PBXGroup;
			children = (
				396AC334256435BD00C17142 /* Color+Ext.swift */,
				397A598D2566BF2D00A8FE1E /* String+Ext.swift */,
			);
			path = Extensions;
			sourceTree = "<group>";
		};
		396AC34125644D1400C17142 /* Views */ = {
			isa = PBXGroup;
			children = (
				39D1C5FF25658C7500979BA9 /* Buttons */,
				396AC33F25644C9900C17142 /* UIKitViews */,
				390B56A825645C6600565044 /* Images */,
				390B56A725645C5F00565044 /* Cells */,
			);
			path = Views;
			sourceTree = "<group>";
		};
		396AC34225644D4F00C17142 /* Models */ = {
			isa = PBXGroup;
			children = (
				395A31B52567C75700F670BD /* UserModel */,
				396AC34325644D6000C17142 /* AppetizerModel */,
			);
			path = Models;
			sourceTree = "<group>";
		};
		396AC34325644D6000C17142 /* AppetizerModel */ = {
			isa = PBXGroup;
			children = (
				39B343192562B3FD006E73DD /* Appetizer.swift */,
			);
			path = AppetizerModel;
			sourceTree = "<group>";
		};
		396AC34425644D7B00C17142 /* OrderView */ = {
			isa = PBXGroup;
			children = (
				39B343122562ACAE006E73DD /* OrderView.swift */,
			);
			path = OrderView;
			sourceTree = "<group>";
		};
		396AC34525644D8C00C17142 /* AccountView */ = {
			isa = PBXGroup;
			children = (
				39B3430D2562AB81006E73DD /* AccountView.swift */,
				397A598A2566B82200A8FE1E /* AccountViewModel.swift */,
			);
			path = AccountView;
			sourceTree = "<group>";
		};
		396AC34725644DDA00C17142 /* Managers */ = {
			isa = PBXGroup;
			children = (
				396AC34825644DE500C17142 /* AppetizerNetworkManager */,
			);
			path = Managers;
			sourceTree = "<group>";
		};
		396AC34825644DE500C17142 /* AppetizerNetworkManager */ = {
			isa = PBXGroup;
			children = (
				39B343162562B3E6006E73DD /* NetworkManager.swift */,
			);
			path = AppetizerNetworkManager;
			sourceTree = "<group>";
		};
		397A59902566BFB100A8FE1E /* AppetizerAlerts */ = {
			isa = PBXGroup;
			children = (
				39B3431D2562B541006E73DD /* APError.swift */,
				397A599C2566C68400A8FE1E /* AppetizerAlert.swift */,
			);
			path = AppetizerAlerts;
			sourceTree = "<group>";
		};
		397A59912566BFC100A8FE1E /* AccountForm */ = {
			isa = PBXGroup;
			children = (
				397A59962566C00A00A8FE1E /* ACCError.swift */,
				397A59922566BFFD00A8FE1E /* AccountAlert.swift */,
			);
			path = AccountForm;
			sourceTree = "<group>";
		};
		39B342ED2562AA97006E73DD = {
			isa = PBXGroup;
			children = (
				39B342F82562AA97006E73DD /* Appetizers-App */,
				39B342F72562AA97006E73DD /* Products */,
			);
			sourceTree = "<group>";
		};
		39B342F72562AA97006E73DD /* Products */ = {
			isa = PBXGroup;
			children = (
				39B342F62562AA97006E73DD /* Appetizers-App.app */,
			);
			name = Products;
			sourceTree = "<group>";
		};
		39B342F82562AA97006E73DD /* Appetizers-App */ = {
			isa = PBXGroup;
			children = (
				396AC33B25644BF500C17142 /* Utilites */,
				396AC34225644D4F00C17142 /* Models */,
				396AC34125644D1400C17142 /* Views */,
				396AC33D25644C4100C17142 /* Screens */,
				39B342F92562AA97006E73DD /* Appetizers_AppApp.swift */,
				39B342FD2562AA98006E73DD /* Assets.xcassets */,
				39B343022562AA98006E73DD /* Info.plist */,
				39B342FF2562AA98006E73DD /* Preview Content */,
			);
			path = "Appetizers-App";
			sourceTree = "<group>";
		};
		39B342FF2562AA98006E73DD /* Preview Content */ = {
			isa = PBXGroup;
			children = (
				39B343002562AA98006E73DD /* Preview Assets.xcassets */,
			);
			path = "Preview Content";
			sourceTree = "<group>";
		};
		39D1C5FF25658C7500979BA9 /* Buttons */ = {
			isa = PBXGroup;
			children = (
				39D1C60025658C8700979BA9 /* XmarkView.swift */,
				39D78DFB2566059D00E244F3 /* OverlayXmarkButton.swift */,
				39D78DFE256605D600E244F3 /* AddOrderButton.swift */,
			);
			path = Buttons;
			sourceTree = "<group>";
		};
/* End PBXGroup section */

/* Begin PBXNativeTarget section */
		39B342F52562AA97006E73DD /* Appetizers-App */ = {
			isa = PBXNativeTarget;
			buildConfigurationList = 39B343052562AA98006E73DD /* Build configuration list for PBXNativeTarget "Appetizers-App" */;
			buildPhases = (
				39B342F22562AA97006E73DD /* Sources */,
				39B342F32562AA97006E73DD /* Frameworks */,
				39B342F42562AA97006E73DD /* Resources */,
			);
			buildRules = (
			);
			dependencies = (
			);
			name = "Appetizers-App";
			productName = "Appetizers-App";
			productReference = 39B342F62562AA97006E73DD /* Appetizers-App.app */;
			productType = "com.apple.product-type.application";
		};
/* End PBXNativeTarget section */

/* Begin PBXProject section */
		39B342EE2562AA97006E73DD /* Project object */ = {
			isa = PBXProject;
			attributes = {
				LastSwiftUpdateCheck = 1220;
				LastUpgradeCheck = 1220;
				TargetAttributes = {
					39B342F52562AA97006E73DD = {
						CreatedOnToolsVersion = 12.2;
					};
				};
			};
			buildConfigurationList = 39B342F12562AA97006E73DD /* Build configuration list for PBXProject "Appetizers-App" */;
			compatibilityVersion = "Xcode 9.3";
			developmentRegion = en;
			hasScannedForEncodings = 0;
			knownRegions = (
				en,
				Base,
			);
			mainGroup = 39B342ED2562AA97006E73DD;
			productRefGroup = 39B342F72562AA97006E73DD /* Products */;
			projectDirPath = "";
			projectRoot = "";
			targets = (
				39B342F52562AA97006E73DD /* Appetizers-App */,
			);
		};
/* End PBXProject section */

/* Begin PBXResourcesBuildPhase section */
		39B342F42562AA97006E73DD /* Resources */ = {
			isa = PBXResourcesBuildPhase;
			buildActionMask = 2147483647;
			files = (
				39B343012562AA98006E73DD /* Preview Assets.xcassets in Resources */,
				39B342FE2562AA98006E73DD /* Assets.xcassets in Resources */,
			);
			runOnlyForDeploymentPostprocessing = 0;
		};
/* End PBXResourcesBuildPhase section */

/* Begin PBXSourcesBuildPhase section */
		39B342F22562AA97006E73DD /* Sources */ = {
			isa = PBXSourcesBuildPhase;
			buildActionMask = 2147483647;
			files = (
				397A59932566BFFD00A8FE1E /* AccountAlert.swift in Sources */,
				39D78DFC2566059D00E244F3 /* OverlayXmarkButton.swift in Sources */,
				397A59972566C00A00A8FE1E /* ACCError.swift in Sources */,
				39B3431A2562B3FD006E73DD /* Appetizer.swift in Sources */,
				39B343172562B3E6006E73DD /* NetworkManager.swift in Sources */,
				39B342FC2562AA97006E73DD /* AppetizerTabView.swift in Sources */,
				397B15BA2562DB0400864D74 /* AppetizerListViewModel.swift in Sources */,
				396AC335256435BD00C17142 /* Color+Ext.swift in Sources */,
				39B342FA2562AA97006E73DD /* Appetizers_AppApp.swift in Sources */,
				396AC3322564326F00C17142 /* LoadingView.swift in Sources */,
				39B3430E2562AB81006E73DD /* AccountView.swift in Sources */,
				39D1C60125658C8700979BA9 /* XmarkView.swift in Sources */,
				397A598B2566B82200A8FE1E /* AccountViewModel.swift in Sources */,
				39D1C5FC256588E400979BA9 /* AppetizerDetailsView.swift in Sources */,
				397A599D2566C68400A8FE1E /* AppetizerAlert.swift in Sources */,
				391DE0662562C8C100FFB85E /* AppetizerListCell.swift in Sources */,
				396AC338256443B400C17142 /* RemoteImage.swift in Sources */,
				39B3430B2562AB68006E73DD /* AppetizerListView.swift in Sources */,
				39D78DFF256605D600E244F3 /* AddOrderButton.swift in Sources */,
				396AC32F25642CE200C17142 /* Alert.swift in Sources */,
				395A31B72567C76900F670BD /* User.swift in Sources */,
				39B3431E2562B541006E73DD /* APError.swift in Sources */,
				397A598E2566BF2D00A8FE1E /* String+Ext.swift in Sources */,
				39B343132562ACAE006E73DD /* OrderView.swift in Sources */,
			);
			runOnlyForDeploymentPostprocessing = 0;
		};
/* End PBXSourcesBuildPhase section */

/* Begin XCBuildConfiguration section */
		39B343032562AA98006E73DD /* Debug */ = {
			isa = XCBuildConfiguration;
			buildSettings = {
				ALWAYS_SEARCH_USER_PATHS = NO;
				CLANG_ANALYZER_NONNULL = YES;
				CLANG_ANALYZER_NUMBER_OBJECT_CONVERSION = YES_AGGRESSIVE;
				CLANG_CXX_LANGUAGE_STANDARD = "gnu++14";
				CLANG_CXX_LIBRARY = "libc++";
				CLANG_ENABLE_MODULES = YES;
				CLANG_ENABLE_OBJC_ARC = YES;
				CLANG_ENABLE_OBJC_WEAK = YES;
				CLANG_WARN_BLOCK_CAPTURE_AUTORELEASING = YES;
				CLANG_WARN_BOOL_CONVERSION = YES;
				CLANG_WARN_COMMA = YES;
				CLANG_WARN_CONSTANT_CONVERSION = YES;
				CLANG_WARN_DEPRECATED_OBJC_IMPLEMENTATIONS = YES;
				CLANG_WARN_DIRECT_OBJC_ISA_USAGE = YES_ERROR;
				CLANG_WARN_DOCUMENTATION_COMMENTS = YES;
				CLANG_WARN_EMPTY_BODY = YES;
				CLANG_WARN_ENUM_CONVERSION = YES;
				CLANG_WARN_INFINITE_RECURSION = YES;
				CLANG_WARN_INT_CONVERSION = YES;
				CLANG_WARN_NON_LITERAL_NULL_CONVERSION = YES;
				CLANG_WARN_OBJC_IMPLICIT_RETAIN_SELF = YES;
				CLANG_WARN_OBJC_LITERAL_CONVERSION = YES;
				CLANG_WARN_OBJC_ROOT_CLASS = YES_ERROR;
				CLANG_WARN_QUOTED_INCLUDE_IN_FRAMEWORK_HEADER = YES;
				CLANG_WARN_RANGE_LOOP_ANALYSIS = YES;
				CLANG_WARN_STRICT_PROTOTYPES = YES;
				CLANG_WARN_SUSPICIOUS_MOVE = YES;
				CLANG_WARN_UNGUARDED_AVAILABILITY = YES_AGGRESSIVE;
				CLANG_WARN_UNREACHABLE_CODE = YES;
				CLANG_WARN__DUPLICATE_METHOD_MATCH = YES;
				COPY_PHASE_STRIP = NO;
				DEBUG_INFORMATION_FORMAT = dwarf;
				ENABLE_STRICT_OBJC_MSGSEND = YES;
				ENABLE_TESTABILITY = YES;
				GCC_C_LANGUAGE_STANDARD = gnu11;
				GCC_DYNAMIC_NO_PIC = NO;
				GCC_NO_COMMON_BLOCKS = YES;
				GCC_OPTIMIZATION_LEVEL = 0;
				GCC_PREPROCESSOR_DEFINITIONS = (
					"DEBUG=1",
					"$(inherited)",
				);
				GCC_WARN_64_TO_32_BIT_CONVERSION = YES;
				GCC_WARN_ABOUT_RETURN_TYPE = YES_ERROR;
				GCC_WARN_UNDECLARED_SELECTOR = YES;
				GCC_WARN_UNINITIALIZED_AUTOS = YES_AGGRESSIVE;
				GCC_WARN_UNUSED_FUNCTION = YES;
				GCC_WARN_UNUSED_VARIABLE = YES;
				IPHONEOS_DEPLOYMENT_TARGET = 14.2;
				MTL_ENABLE_DEBUG_INFO = INCLUDE_SOURCE;
				MTL_FAST_MATH = YES;
				ONLY_ACTIVE_ARCH = YES;
				SDKROOT = iphoneos;
				SWIFT_ACTIVE_COMPILATION_CONDITIONS = DEBUG;
				SWIFT_OPTIMIZATION_LEVEL = "-Onone";
			};
			name = Debug;
		};
		39B343042562AA98006E73DD /* Release */ = {
			isa = XCBuildConfiguration;
			buildSettings = {
				ALWAYS_SEARCH_USER_PATHS = NO;
				CLANG_ANALYZER_NONNULL = YES;
				CLANG_ANALYZER_NUMBER_OBJECT_CONVERSION = YES_AGGRESSIVE;
				CLANG_CXX_LANGUAGE_STANDARD = "gnu++14";
				CLANG_CXX_LIBRARY = "libc++";
				CLANG_ENABLE_MODULES = YES;
				CLANG_ENABLE_OBJC_ARC = YES;
				CLANG_ENABLE_OBJC_WEAK = YES;
				CLANG_WARN_BLOCK_CAPTURE_AUTORELEASING = YES;
				CLANG_WARN_BOOL_CONVERSION = YES;
				CLANG_WARN_COMMA = YES;
				CLANG_WARN_CONSTANT_CONVERSION = YES;
				CLANG_WARN_DEPRECATED_OBJC_IMPLEMENTATIONS = YES;
				CLANG_WARN_DIRECT_OBJC_ISA_USAGE = YES_ERROR;
				CLANG_WARN_DOCUMENTATION_COMMENTS = YES;
				CLANG_WARN_EMPTY_BODY = YES;
				CLANG_WARN_ENUM_CONVERSION = YES;
				CLANG_WARN_INFINITE_RECURSION = YES;
				CLANG_WARN_INT_CONVERSION = YES;
				CLANG_WARN_NON_LITERAL_NULL_CONVERSION = YES;
				CLANG_WARN_OBJC_IMPLICIT_RETAIN_SELF = YES;
				CLANG_WARN_OBJC_LITERAL_CONVERSION = YES;
				CLANG_WARN_OBJC_ROOT_CLASS = YES_ERROR;
				CLANG_WARN_QUOTED_INCLUDE_IN_FRAMEWORK_HEADER = YES;
				CLANG_WARN_RANGE_LOOP_ANALYSIS = YES;
				CLANG_WARN_STRICT_PROTOTYPES = YES;
				CLANG_WARN_SUSPICIOUS_MOVE = YES;
				CLANG_WARN_UNGUARDED_AVAILABILITY = YES_AGGRESSIVE;
				CLANG_WARN_UNREACHABLE_CODE = YES;
				CLANG_WARN__DUPLICATE_METHOD_MATCH = YES;
				COPY_PHASE_STRIP = NO;
				DEBUG_INFORMATION_FORMAT = "dwarf-with-dsym";
				ENABLE_NS_ASSERTIONS = NO;
				ENABLE_STRICT_OBJC_MSGSEND = YES;
				GCC_C_LANGUAGE_STANDARD = gnu11;
				GCC_NO_COMMON_BLOCKS = YES;
				GCC_WARN_64_TO_32_BIT_CONVERSION = YES;
				GCC_WARN_ABOUT_RETURN_TYPE = YES_ERROR;
				GCC_WARN_UNDECLARED_SELECTOR = YES;
				GCC_WARN_UNINITIALIZED_AUTOS = YES_AGGRESSIVE;
				GCC_WARN_UNUSED_FUNCTION = YES;
				GCC_WARN_UNUSED_VARIABLE = YES;
				IPHONEOS_DEPLOYMENT_TARGET = 14.2;
				MTL_ENABLE_DEBUG_INFO = NO;
				MTL_FAST_MATH = YES;
				SDKROOT = iphoneos;
				SWIFT_COMPILATION_MODE = wholemodule;
				SWIFT_OPTIMIZATION_LEVEL = "-O";
				VALIDATE_PRODUCT = YES;
			};
			name = Release;
		};
		39B343062562AA98006E73DD /* Debug */ = {
			isa = XCBuildConfiguration;
			buildSettings = {
				ASSETCATALOG_COMPILER_APPICON_NAME = AppIcon;
				ASSETCATALOG_COMPILER_GLOBAL_ACCENT_COLOR_NAME = AccentColor;
				CODE_SIGN_STYLE = Automatic;
				DEVELOPMENT_ASSET_PATHS = "\"Appetizers-App/Preview Content\"";
				DEVELOPMENT_TEAM = 9N2KB3Z455;
				ENABLE_PREVIEWS = YES;
				INFOPLIST_FILE = "Appetizers-App/Info.plist";
				IPHONEOS_DEPLOYMENT_TARGET = 14.0;
				LD_RUNPATH_SEARCH_PATHS = (
					"$(inherited)",
					"@executable_path/Frameworks",
				);
				PRODUCT_BUNDLE_IDENTIFIER = "com.nawaf.Appetizers-App";
				PRODUCT_NAME = "$(TARGET_NAME)";
				SWIFT_VERSION = 5.0;
				TARGETED_DEVICE_FAMILY = "1,2";
			};
			name = Debug;
		};
		39B343072562AA98006E73DD /* Release */ = {
			isa = XCBuildConfiguration;
			buildSettings = {
				ASSETCATALOG_COMPILER_APPICON_NAME = AppIcon;
				ASSETCATALOG_COMPILER_GLOBAL_ACCENT_COLOR_NAME = AccentColor;
				CODE_SIGN_STYLE = Automatic;
				DEVELOPMENT_ASSET_PATHS = "\"Appetizers-App/Preview Content\"";
				DEVELOPMENT_TEAM = 9N2KB3Z455;
				ENABLE_PREVIEWS = YES;
				INFOPLIST_FILE = "Appetizers-App/Info.plist";
				IPHONEOS_DEPLOYMENT_TARGET = 14.0;
				LD_RUNPATH_SEARCH_PATHS = (
					"$(inherited)",
					"@executable_path/Frameworks",
				);
				PRODUCT_BUNDLE_IDENTIFIER = "com.nawaf.Appetizers-App";
				PRODUCT_NAME = "$(TARGET_NAME)";
				SWIFT_VERSION = 5.0;
				TARGETED_DEVICE_FAMILY = "1,2";
			};
			name = Release;
		};
/* End XCBuildConfiguration section */

/* Begin XCConfigurationList section */
		39B342F12562AA97006E73DD /* Build configuration list for PBXProject "Appetizers-App" */ = {
			isa = XCConfigurationList;
			buildConfigurations = (
				39B343032562AA98006E73DD /* Debug */,
				39B343042562AA98006E73DD /* Release */,
			);
			defaultConfigurationIsVisible = 0;
			defaultConfigurationName = Release;
		};
		39B343052562AA98006E73DD /* Build configuration list for PBXNativeTarget "Appetizers-App" */ = {
			isa = XCConfigurationList;
			buildConfigurations = (
				39B343062562AA98006E73DD /* Debug */,
				39B343072562AA98006E73DD /* Release */,
			);
			defaultConfigurationIsVisible = 0;
			defaultConfigurationName = Release;
		};
/* End XCConfigurationList section */
	};
	rootObject = 39B342EE2562AA97006E73DD /* Project object */;
}
